# Generated by pub
# See https://dart.dev/tools/pub/glossary#lockfile
packages:
  archive:
    dependency: transitive
    description:
      name: archive
      sha256: cb6a278ef2dbb298455e1a713bda08524a175630ec643a242c399c932a0a1f7d
      url: "https://pub.dev"
    source: hosted
    version: "3.6.1"
  args:
    dependency: transitive
    description:
      name: args
      sha256: "7cf60b9f0cc88203c5a190b4cd62a99feea42759a7fa695010eb5de1c0b2252a"
      url: "https://pub.dev"
    source: hosted
    version: "2.5.0"
  async:
    dependency: transitive
    description:
      name: async
      sha256: "947bfcf187f74dbc5e146c9eb9c0f10c9f8b30743e341481c1e2ed3ecc18c20c"
      url: "https://pub.dev"
    source: hosted
    version: "2.11.0"
  audio_session:
    dependency: "direct main"
    description:
      name: audio_session
      sha256: a49af9981eec5d7cd73b37bacb6ee73f8143a6a9f9bd5b6021e6c346b9b6cf4e
      url: "https://pub.dev"
    source: hosted
    version: "0.1.19"
  audioplayers:
    dependency: "direct main"
    description:
      name: audioplayers
      sha256: "752039d6aa752597c98ec212e9759519061759e402e7da59a511f39d43aa07d2"
      url: "https://pub.dev"
    source: hosted
    version: "6.0.0"
  audioplayers_android:
    dependency: transitive
    description:
      name: audioplayers_android
      sha256: de576b890befe27175c2f511ba8b742bec83765fa97c3ce4282bba46212f58e4
      url: "https://pub.dev"
    source: hosted
    version: "5.0.0"
  audioplayers_darwin:
    dependency: transitive
    description:
      name: audioplayers_darwin
      sha256: e507887f3ff18d8e5a10a668d7bedc28206b12e10b98347797257c6ae1019c3b
      url: "https://pub.dev"
    source: hosted
    version: "6.0.0"
  audioplayers_linux:
    dependency: transitive
    description:
      name: audioplayers_linux
      sha256: "3d3d244c90436115417f170426ce768856d8fe4dfc5ed66a049d2890acfa82f9"
      url: "https://pub.dev"
    source: hosted
    version: "4.0.0"
  audioplayers_platform_interface:
    dependency: transitive
    description:
      name: audioplayers_platform_interface
      sha256: "6834dd48dfb7bc6c2404998ebdd161f79cd3774a7e6779e1348d54a3bfdcfaa5"
      url: "https://pub.dev"
    source: hosted
    version: "7.0.0"
  audioplayers_web:
    dependency: transitive
    description:
      name: audioplayers_web
      sha256: db8fc420dadf80da18e2286c18e746fb4c3b2c5adbf0c963299dde046828886d
      url: "https://pub.dev"
    source: hosted
    version: "5.0.0"
  audioplayers_windows:
    dependency: transitive
    description:
      name: audioplayers_windows
      sha256: "8605762dddba992138d476f6a0c3afd9df30ac5b96039929063eceed416795c2"
      url: "https://pub.dev"
    source: hosted
    version: "4.0.0"
  auto_size_text:
    dependency: "direct main"
    description:
      name: auto_size_text
      sha256: "3f5261cd3fb5f2a9ab4e2fc3fba84fd9fcaac8821f20a1d4e71f557521b22599"
      url: "https://pub.dev"
    source: hosted
    version: "3.0.0"
  background_hiit_timer:
    dependency: "direct main"
    description:
      name: background_hiit_timer
      sha256: "44606bb5c185945762c9c7c2f41bf3f2dbe61fa7b39a7be396050e6ac8ca866e"
      url: "https://pub.dev"
    source: hosted
    version: "1.0.0-dev.2"
  boolean_selector:
    dependency: transitive
    description:
      name: boolean_selector
      sha256: "6cfb5af12253eaf2b368f07bacc5a80d1301a071c73360d746b7f2e32d762c66"
      url: "https://pub.dev"
    source: hosted
    version: "2.1.1"
  characters:
    dependency: transitive
    description:
      name: characters
      sha256: "04a925763edad70e8443c99234dc3328f442e811f1d8fd1a72f1c8ad0f69a605"
      url: "https://pub.dev"
    source: hosted
    version: "1.3.0"
  checked_yaml:
    dependency: transitive
    description:
      name: checked_yaml
      sha256: feb6bed21949061731a7a75fc5d2aa727cf160b91af9a3e464c5e3a32e28b5ff
      url: "https://pub.dev"
    source: hosted
    version: "2.0.3"
  cli_util:
    dependency: transitive
    description:
      name: cli_util
      sha256: c05b7406fdabc7a49a3929d4af76bcaccbbffcbcdcf185b082e1ae07da323d19
      url: "https://pub.dev"
    source: hosted
    version: "0.4.1"
  clock:
    dependency: transitive
    description:
      name: clock
      sha256: cb6d7f03e1de671e34607e909a7213e31d7752be4fb66a86d29fe1eb14bfb5cf
      url: "https://pub.dev"
    source: hosted
    version: "1.1.1"
  collection:
    dependency: transitive
    description:
      name: collection
      sha256: ee67cb0715911d28db6bf4af1026078bd6f0128b07a5f66fb2ed94ec6783c09a
      url: "https://pub.dev"
    source: hosted
    version: "1.18.0"
  confetti:
    dependency: "direct main"
    description:
      name: confetti
      sha256: "979aafde2428c53947892c95eb244466c109c129b7eee9011f0a66caaca52267"
      url: "https://pub.dev"
    source: hosted
    version: "0.7.0"
  coverage:
    dependency: "direct main"
    description:
      name: coverage
      sha256: "3945034e86ea203af7a056d98e98e42a5518fff200d6e8e6647e1886b07e936e"
      url: "https://pub.dev"
    source: hosted
    version: "1.8.0"
  cross_file:
    dependency: transitive
    description:
      name: cross_file
      sha256: "55d7b444feb71301ef6b8838dbc1ae02e63dd48c8773f3810ff53bb1e2945b32"
      url: "https://pub.dev"
    source: hosted
    version: "0.3.4+1"
  crypto:
    dependency: transitive
    description:
      name: crypto
      sha256: ff625774173754681d66daaf4a448684fb04b78f902da9cb3d308c19cc5e8bab
      url: "https://pub.dev"
    source: hosted
    version: "3.0.3"
  cupertino_icons:
    dependency: "direct main"
    description:
      name: cupertino_icons
      sha256: ba631d1c7f7bef6b729a622b7b752645a2d076dba9976925b8f25725a30e1ee6
      url: "https://pub.dev"
    source: hosted
    version: "1.0.8"
  dbus:
    dependency: transitive
    description:
      name: dbus
      sha256: "365c771ac3b0e58845f39ec6deebc76e3276aa9922b0cc60840712094d9047ac"
      url: "https://pub.dev"
    source: hosted
    version: "0.7.10"
  device_info_plus:
    dependency: transitive
    description:
      name: device_info_plus
      sha256: eead12d1a1ed83d8283ab4c2f3fca23ac4082f29f25f29dff0f758f57d06ec91
      url: "https://pub.dev"
    source: hosted
    version: "10.1.0"
  device_info_plus_platform_interface:
    dependency: transitive
    description:
      name: device_info_plus_platform_interface
      sha256: d3b01d5868b50ae571cd1dc6e502fc94d956b665756180f7b16ead09e836fd64
      url: "https://pub.dev"
    source: hosted
    version: "7.0.0"
  dio:
    dependency: transitive
    description:
      name: dio
      sha256: "11e40df547d418cc0c4900a9318b26304e665da6fa4755399a9ff9efd09034b5"
      url: "https://pub.dev"
    source: hosted
    version: "5.4.3+1"
  fake_async:
    dependency: transitive
    description:
      name: fake_async
      sha256: "511392330127add0b769b75a987850d136345d9227c6b94c96a04cf4a391bf78"
      url: "https://pub.dev"
    source: hosted
    version: "1.3.1"
  ffi:
    dependency: transitive
    description:
      name: ffi
      sha256: "493f37e7df1804778ff3a53bd691d8692ddf69702cf4c1c1096a2e41b4779e21"
      url: "https://pub.dev"
    source: hosted
    version: "2.1.2"
  file:
    dependency: transitive
    description:
      name: file
      sha256: "1b92bec4fc2a72f59a8e15af5f52cd441e4a7860b49499d69dfa817af20e925d"
      url: "https://pub.dev"
    source: hosted
    version: "6.1.4"
  file_picker:
    dependency: "direct main"
    description:
      name: file_picker
      sha256: a7eed9716c82453da5c09d3a82d4644e7070dd2da81bfe5b6c6873ae4f07cf4f
      url: "https://pub.dev"
    source: hosted
    version: "8.0.4"
  file_saver:
    dependency: "direct main"
    description:
      name: file_saver
      sha256: d375b351e3331663abbaf99747abd72f159260c58fbbdbca9f926f02c01bdc48
      url: "https://pub.dev"
    source: hosted
    version: "0.2.13"
  fixnum:
    dependency: transitive
    description:
      name: fixnum
      sha256: "25517a4deb0c03aa0f32fd12db525856438902d9c16536311e76cdc57b31d7d1"
      url: "https://pub.dev"
    source: hosted
    version: "1.1.0"
  flutter:
    dependency: "direct main"
    description: flutter
    source: sdk
    version: "0.0.0"
  flutter_fgbg:
    dependency: transitive
    description:
      name: flutter_fgbg
      sha256: "08c4d2fd229e3df26083d5aecc3dea9ff4f2d188f8cd57aaf2b3f047bd08a047"
      url: "https://pub.dev"
    source: hosted
    version: "0.3.0"
  flutter_launcher_icons:
    dependency: "direct main"
    description:
      name: flutter_launcher_icons
      sha256: "526faf84284b86a4cb36d20a5e45147747b7563d921373d4ee0559c54fcdbcea"
      url: "https://pub.dev"
    source: hosted
    version: "0.13.1"
  flutter_lints:
    dependency: "direct dev"
    description:
      name: flutter_lints
      sha256: "3f41d009ba7172d5ff9be5f6e6e6abb4300e263aab8866d2a0842ed2a70f8f0c"
      url: "https://pub.dev"
    source: hosted
    version: "4.0.0"
  flutter_local_notifications:
    dependency: transitive
    description:
      name: flutter_local_notifications
      sha256: "40e6fbd2da7dcc7ed78432c5cdab1559674b4af035fddbfb2f9a8f9c2112fcef"
      url: "https://pub.dev"
    source: hosted
    version: "17.1.2"
  flutter_local_notifications_linux:
    dependency: transitive
    description:
      name: flutter_local_notifications_linux
      sha256: "33f741ef47b5f63cc7f78fe75eeeac7e19f171ff3c3df054d84c1e38bedb6a03"
      url: "https://pub.dev"
    source: hosted
    version: "4.0.0+1"
  flutter_local_notifications_platform_interface:
    dependency: transitive
    description:
      name: flutter_local_notifications_platform_interface
      sha256: "340abf67df238f7f0ef58f4a26d2a83e1ab74c77ab03cd2b2d5018ac64db30b7"
      url: "https://pub.dev"
    source: hosted
    version: "7.1.0"
  flutter_material_color_picker:
    dependency: "direct main"
    description:
      name: flutter_material_color_picker
      sha256: ca1e7749d228c9155ea24bce98e647cdbffa350e6f334f6c001f841cd3d9c987
      url: "https://pub.dev"
    source: hosted
    version: "1.2.0"
  flutter_plugin_android_lifecycle:
    dependency: transitive
    description:
      name: flutter_plugin_android_lifecycle
      sha256: c6b0b4c05c458e1c01ad9bcc14041dd7b1f6783d487be4386f793f47a8a4d03e
      url: "https://pub.dev"
    source: hosted
    version: "2.0.20"
  flutter_test:
    dependency: "direct dev"
    description: flutter
    source: sdk
    version: "0.0.0"
  flutter_web_plugins:
    dependency: transitive
    description: flutter
    source: sdk
    version: "0.0.0"
  fluttertoast:
    dependency: "direct main"
    description:
      name: fluttertoast
      sha256: "7eae679e596a44fdf761853a706f74979f8dd3cd92cf4e23cae161fda091b847"
      url: "https://pub.dev"
    source: hosted
    version: "8.2.6"
  google_fonts:
    dependency: "direct main"
    description:
      name: google_fonts
      sha256: b1ac0fe2832c9cc95e5e88b57d627c5e68c223b9657f4b96e1487aa9098c7b82
      url: "https://pub.dev"
    source: hosted
    version: "6.2.1"
  http:
    dependency: transitive
    description:
      name: http
      sha256: "761a297c042deedc1ffbb156d6e2af13886bb305c2a343a4d972504cd67dd938"
      url: "https://pub.dev"
    source: hosted
    version: "1.2.1"
  http_parser:
    dependency: transitive
    description:
      name: http_parser
      sha256: "2aa08ce0341cc9b354a498388e30986515406668dbcc4f7c950c3e715496693b"
      url: "https://pub.dev"
    source: hosted
    version: "4.0.2"
  image:
    dependency: transitive
    description:
      name: image
      sha256: "2237616a36c0d69aef7549ab439b833fb7f9fb9fc861af2cc9ac3eedddd69ca8"
      url: "https://pub.dev"
    source: hosted
    version: "4.2.0"
  infinite_listview:
    dependency: transitive
    description:
      name: infinite_listview
      sha256: f6062c1720eb59be553dfa6b89813d3e8dd2f054538445aaa5edaddfa5195ce6
      url: "https://pub.dev"
    source: hosted
    version: "1.1.0"
  json_annotation:
    dependency: transitive
    description:
      name: json_annotation
      sha256: "1ce844379ca14835a50d2f019a3099f419082cfdd231cd86a142af94dd5c6bb1"
      url: "https://pub.dev"
    source: hosted
    version: "4.9.0"
  just_audio:
    dependency: "direct main"
    description:
      name: just_audio
      sha256: "5abfab1d199e01ab5beffa61b3e782350df5dad036cb8c83b79fa45fc656614e"
      url: "https://pub.dev"
    source: hosted
    version: "0.9.38"
  just_audio_platform_interface:
    dependency: transitive
    description:
      name: just_audio_platform_interface
      sha256: "0243828cce503c8366cc2090cefb2b3c871aa8ed2f520670d76fd47aa1ab2790"
      url: "https://pub.dev"
    source: hosted
    version: "4.3.0"
  just_audio_web:
    dependency: transitive
    description:
      name: just_audio_web
      sha256: "0edb481ad4aa1ff38f8c40f1a3576013c3420bf6669b686fe661627d49bc606c"
      url: "https://pub.dev"
    source: hosted
    version: "0.4.11"
  leak_tracker:
    dependency: transitive
    description:
      name: leak_tracker
      sha256: "7f0df31977cb2c0b88585095d168e689669a2cc9b97c309665e3386f3e9d341a"
      url: "https://pub.dev"
    source: hosted
    version: "10.0.4"
  leak_tracker_flutter_testing:
    dependency: transitive
    description:
      name: leak_tracker_flutter_testing
      sha256: "06e98f569d004c1315b991ded39924b21af84cf14cc94791b8aea337d25b57f8"
      url: "https://pub.dev"
    source: hosted
    version: "3.0.3"
  leak_tracker_testing:
    dependency: transitive
    description:
      name: leak_tracker_testing
      sha256: "6ba465d5d76e67ddf503e1161d1f4a6bc42306f9d66ca1e8f079a47290fb06d3"
      url: "https://pub.dev"
    source: hosted
    version: "3.0.1"
  lints:
    dependency: transitive
    description:
      name: lints
      sha256: "976c774dd944a42e83e2467f4cc670daef7eed6295b10b36ae8c85bcbf828235"
      url: "https://pub.dev"
    source: hosted
    version: "4.0.0"
  logger:
    dependency: "direct main"
    description:
      name: logger
      sha256: af05cc8714f356fd1f3888fb6741cbe9fbe25cdb6eedbab80e1a6db21047d4a4
      url: "https://pub.dev"
    source: hosted
    version: "2.3.0"
  logging:
    dependency: transitive
    description:
      name: logging
      sha256: "623a88c9594aa774443aa3eb2d41807a48486b5613e67599fb4c41c0ad47c340"
      url: "https://pub.dev"
    source: hosted
    version: "1.2.0"
  matcher:
    dependency: transitive
    description:
      name: matcher
      sha256: d2323aa2060500f906aa31a895b4030b6da3ebdcc5619d14ce1aada65cd161cb
      url: "https://pub.dev"
    source: hosted
    version: "0.12.16+1"
  material_color_utilities:
    dependency: transitive
    description:
      name: material_color_utilities
      sha256: "0e0a020085b65b6083975e499759762399b4475f766c21668c4ecca34ea74e5a"
      url: "https://pub.dev"
    source: hosted
    version: "0.8.0"
  meta:
    dependency: transitive
    description:
      name: meta
      sha256: "7687075e408b093f36e6bbf6c91878cc0d4cd10f409506f7bc996f68220b9136"
      url: "https://pub.dev"
    source: hosted
    version: "1.12.0"
  mime:
    dependency: transitive
    description:
      name: mime
      sha256: "2e123074287cc9fd6c09de8336dae606d1ddb88d9ac47358826db698c176a1f2"
      url: "https://pub.dev"
    source: hosted
    version: "1.0.5"
  numberpicker:
    dependency: "direct main"
    description:
      name: numberpicker
      sha256: "4c129154944b0f6b133e693f8749c3f8bfb67c4d07ef9dcab48b595c22d1f156"
      url: "https://pub.dev"
    source: hosted
    version: "2.1.2"
  openhiit_background_service:
    dependency: transitive
    description:
      name: openhiit_background_service
      sha256: "27a29ea84a18ef84790535470d28f4ffa1e9b43fdda50f5ed9d1c1d0c8ae48cb"
      url: "https://pub.dev"
    source: hosted
    version: "1.0.0-dev.2"
  openhiit_background_service_android:
    dependency: transitive
    description:
      name: openhiit_background_service_android
      sha256: bddec4ae236c77812a0edd7936b63865818cd396174576eb4dee06e0f5db11ff
      url: "https://pub.dev"
    source: hosted
    version: "1.0.0-dev.2"
  openhiit_background_service_ios:
    dependency: transitive
    description:
      name: openhiit_background_service_ios
      sha256: "50da509fc0bd1091764a5a2b15306b2b37ed68e5847ab0946ef7c03dc2220cc3"
      url: "https://pub.dev"
    source: hosted
    version: "1.0.0-dev.2"
  openhiit_background_service_platform_interface:
    dependency: transitive
    description:
      name: openhiit_background_service_platform_interface
      sha256: b53a1052605cbf072a292d68832aa997219d1bd66d9d7e4b9fca76bff970abe6
      url: "https://pub.dev"
    source: hosted
    version: "1.0.0-dev.2"
  package_config:
    dependency: transitive
    description:
      name: package_config
      sha256: "1c5b77ccc91e4823a5af61ee74e6b972db1ef98c2ff5a18d3161c982a55448bd"
      url: "https://pub.dev"
    source: hosted
    version: "2.1.0"
  package_info_plus:
    dependency: transitive
    description:
      name: package_info_plus
      sha256: b93d8b4d624b4ea19b0a5a208b2d6eff06004bc3ce74c06040b120eeadd00ce0
      url: "https://pub.dev"
    source: hosted
    version: "8.0.0"
  package_info_plus_platform_interface:
    dependency: transitive
    description:
      name: package_info_plus_platform_interface
      sha256: f49918f3433a3146047372f9d4f1f847511f2acd5cd030e1f44fe5a50036b70e
      url: "https://pub.dev"
    source: hosted
    version: "3.0.0"
  path:
    dependency: "direct main"
    description:
      name: path
      sha256: "087ce49c3f0dc39180befefc60fdb4acd8f8620e5682fe2476afd0b3688bb4af"
      url: "https://pub.dev"
    source: hosted
    version: "1.9.0"
  path_provider:
    dependency: "direct main"
    description:
      name: path_provider
      sha256: c9e7d3a4cd1410877472158bee69963a4579f78b68c65a2b7d40d1a7a88bb161
      url: "https://pub.dev"
    source: hosted
    version: "2.1.3"
  path_provider_android:
    dependency: transitive
    description:
      name: path_provider_android
      sha256: "9c96da072b421e98183f9ea7464898428e764bc0ce5567f27ec8693442e72514"
      url: "https://pub.dev"
    source: hosted
    version: "2.2.5"
  path_provider_foundation:
    dependency: transitive
    description:
      name: path_provider_foundation
      sha256: f234384a3fdd67f989b4d54a5d73ca2a6c422fa55ae694381ae0f4375cd1ea16
      url: "https://pub.dev"
    source: hosted
    version: "2.4.0"
  path_provider_linux:
    dependency: transitive
    description:
      name: path_provider_linux
      sha256: f7a1fe3a634fe7734c8d3f2766ad746ae2a2884abe22e241a8b301bf5cac3279
      url: "https://pub.dev"
    source: hosted
    version: "2.2.1"
  path_provider_platform_interface:
    dependency: transitive
    description:
      name: path_provider_platform_interface
      sha256: "88f5779f72ba699763fa3a3b06aa4bf6de76c8e5de842cf6f29e2e06476c2334"
      url: "https://pub.dev"
    source: hosted
    version: "2.1.2"
  path_provider_windows:
    dependency: transitive
    description:
      name: path_provider_windows
      sha256: "8bc9f22eee8690981c22aa7fc602f5c85b497a6fb2ceb35ee5a5e5ed85ad8170"
      url: "https://pub.dev"
    source: hosted
    version: "2.2.1"
  permission_handler:
    dependency: "direct main"
    description:
      name: permission_handler
      sha256: "18bf33f7fefbd812f37e72091a15575e72d5318854877e0e4035a24ac1113ecb"
      url: "https://pub.dev"
    source: hosted
    version: "11.3.1"
  permission_handler_android:
    dependency: transitive
    description:
      name: permission_handler_android
      sha256: "8bb852cd759488893805c3161d0b2b5db55db52f773dbb014420b304055ba2c5"
      url: "https://pub.dev"
    source: hosted
    version: "12.0.6"
  permission_handler_apple:
    dependency: transitive
    description:
      name: permission_handler_apple
      sha256: e6f6d73b12438ef13e648c4ae56bd106ec60d17e90a59c4545db6781229082a0
      url: "https://pub.dev"
    source: hosted
    version: "9.4.5"
  permission_handler_html:
    dependency: transitive
    description:
      name: permission_handler_html
      sha256: "54bf176b90f6eddd4ece307e2c06cf977fb3973719c35a93b85cc7093eb6070d"
      url: "https://pub.dev"
    source: hosted
    version: "0.1.1"
  permission_handler_platform_interface:
    dependency: transitive
    description:
      name: permission_handler_platform_interface
      sha256: "48d4fcf201a1dad93ee869ab0d4101d084f49136ec82a8a06ed9cfeacab9fd20"
      url: "https://pub.dev"
    source: hosted
    version: "4.2.1"
  permission_handler_windows:
    dependency: transitive
    description:
      name: permission_handler_windows
      sha256: "1a790728016f79a41216d88672dbc5df30e686e811ad4e698bfc51f76ad91f1e"
      url: "https://pub.dev"
    source: hosted
    version: "0.2.1"
  petitparser:
    dependency: transitive
    description:
      name: petitparser
      sha256: c15605cd28af66339f8eb6fbe0e541bfe2d1b72d5825efc6598f3e0a31b9ad27
      url: "https://pub.dev"
    source: hosted
    version: "6.0.2"
  platform:
    dependency: transitive
    description:
      name: platform
      sha256: "12220bb4b65720483f8fa9450b4332347737cf8213dd2840d8b2c823e47243ec"
      url: "https://pub.dev"
    source: hosted
    version: "3.1.4"
  plugin_platform_interface:
    dependency: transitive
    description:
      name: plugin_platform_interface
      sha256: "4820fbfdb9478b1ebae27888254d445073732dae3d6ea81f0b7e06d5dedc3f02"
      url: "https://pub.dev"
    source: hosted
    version: "2.1.8"
  rxdart:
    dependency: transitive
    description:
      name: rxdart
      sha256: "0c7c0cedd93788d996e33041ffecda924cc54389199cde4e6a34b440f50044cb"
      url: "https://pub.dev"
    source: hosted
    version: "0.27.7"
  share_plus:
    dependency: "direct main"
    description:
      name: share_plus
      sha256: ef3489a969683c4f3d0239010cc8b7a2a46543a8d139e111c06c558875083544
      url: "https://pub.dev"
    source: hosted
    version: "9.0.0"
  share_plus_platform_interface:
    dependency: transitive
    description:
      name: share_plus_platform_interface
      sha256: "0f9e4418835d1b2c3ae78fdb918251959106cefdbc4dd43526e182f80e82f6d4"
      url: "https://pub.dev"
    source: hosted
    version: "4.0.0"
  shared_preferences:
    dependency: transitive
    description:
      name: shared_preferences
      sha256: d3bbe5553a986e83980916ded2f0b435ef2e1893dfaa29d5a7a790d0eca12180
      url: "https://pub.dev"
    source: hosted
    version: "2.2.3"
  shared_preferences_android:
    dependency: transitive
    description:
      name: shared_preferences_android
      sha256: "93d0ec9dd902d85f326068e6a899487d1f65ffcd5798721a95330b26c8131577"
      url: "https://pub.dev"
    source: hosted
    version: "2.2.3"
  shared_preferences_foundation:
    dependency: transitive
    description:
      name: shared_preferences_foundation
      sha256: "0a8a893bf4fd1152f93fec03a415d11c27c74454d96e2318a7ac38dd18683ab7"
      url: "https://pub.dev"
    source: hosted
    version: "2.4.0"
  shared_preferences_linux:
    dependency: transitive
    description:
      name: shared_preferences_linux
      sha256: "9f2cbcf46d4270ea8be39fa156d86379077c8a5228d9dfdb1164ae0bb93f1faa"
      url: "https://pub.dev"
    source: hosted
    version: "2.3.2"
  shared_preferences_platform_interface:
    dependency: transitive
    description:
      name: shared_preferences_platform_interface
      sha256: "22e2ecac9419b4246d7c22bfbbda589e3acf5c0351137d87dd2939d984d37c3b"
      url: "https://pub.dev"
    source: hosted
    version: "2.3.2"
  shared_preferences_web:
    dependency: transitive
    description:
      name: shared_preferences_web
      sha256: "9aee1089b36bd2aafe06582b7d7817fd317ef05fc30e6ba14bff247d0933042a"
      url: "https://pub.dev"
    source: hosted
    version: "2.3.0"
  shared_preferences_windows:
    dependency: transitive
    description:
      name: shared_preferences_windows
      sha256: "841ad54f3c8381c480d0c9b508b89a34036f512482c407e6df7a9c4aa2ef8f59"
      url: "https://pub.dev"
    source: hosted
    version: "2.3.2"
  shimmer:
    dependency: "direct main"
    description:
      name: shimmer
      sha256: "5f88c883a22e9f9f299e5ba0e4f7e6054857224976a5d9f839d4ebdc94a14ac9"
      url: "https://pub.dev"
    source: hosted
    version: "3.0.0"
  sky_engine:
    dependency: transitive
    description: flutter
    source: sdk
    version: "0.0.99"
  soundpool:
    dependency: "direct main"
    description:
      name: soundpool
      sha256: fe7302005759d6a3561de1711e3ea818b1ba025a62375b469196dda5b654bd38
      url: "https://pub.dev"
    source: hosted
    version: "2.4.1"
  soundpool_macos:
    dependency: transitive
    description:
      name: soundpool_macos
      sha256: e0440a19d4e8f344dace336923b369184e91eebbbd8348266f4434b675bd15db
      url: "https://pub.dev"
    source: hosted
    version: "2.3.0"
  soundpool_platform_interface:
    dependency: transitive
    description:
      name: soundpool_platform_interface
      sha256: "7c6666e19319151b2036c4fc9b6da3a83f2ebf4097989e6ba1c2b0bfe3612e9f"
      url: "https://pub.dev"
    source: hosted
    version: "2.2.0"
  soundpool_web:
    dependency: transitive
    description:
      name: soundpool_web
      sha256: "3d1eb8d6cceb8a0aec38ff9aec4fbd11a9a8101d27b27a6eb29305b83d46aee5"
      url: "https://pub.dev"
    source: hosted
    version: "2.3.0"
  source_maps:
    dependency: transitive
    description:
      name: source_maps
      sha256: "708b3f6b97248e5781f493b765c3337db11c5d2c81c3094f10904bfa8004c703"
      url: "https://pub.dev"
    source: hosted
    version: "0.10.12"
  source_span:
    dependency: transitive
    description:
      name: source_span
      sha256: "53e943d4206a5e30df338fd4c6e7a077e02254531b138a15aec3bd143c1a8b3c"
      url: "https://pub.dev"
    source: hosted
    version: "1.10.0"
  sprintf:
    dependency: transitive
    description:
      name: sprintf
      sha256: "1fc9ffe69d4df602376b52949af107d8f5703b77cda567c4d7d86a0693120f23"
      url: "https://pub.dev"
    source: hosted
    version: "7.0.0"
  sqflite:
    dependency: "direct main"
    description:
      name: sqflite
      sha256: a43e5a27235518c03ca238e7b4732cf35eabe863a369ceba6cbefa537a66f16d
      url: "https://pub.dev"
    source: hosted
    version: "2.3.3+1"
  sqflite_common:
    dependency: transitive
    description:
      name: sqflite_common
      sha256: "3da423ce7baf868be70e2c0976c28a1bb2f73644268b7ffa7d2e08eab71f16a4"
      url: "https://pub.dev"
    source: hosted
    version: "2.5.4"
  sqflite_common_ffi:
    dependency: "direct main"
    description:
      name: sqflite_common_ffi
      sha256: "4d6137c29e930d6e4a8ff373989dd9de7bac12e3bc87bce950f6e844e8ad3bb5"
      url: "https://pub.dev"
    source: hosted
    version: "2.3.3"
  sqlite3:
    dependency: transitive
    description:
      name: sqlite3
      sha256: b384f598b813b347c5a7e5ffad82cbaff1bec3d1561af267041e66f6f0899295
      url: "https://pub.dev"
    source: hosted
    version: "2.4.3"
  stack_trace:
    dependency: transitive
    description:
      name: stack_trace
      sha256: "73713990125a6d93122541237550ee3352a2d84baad52d375a4cad2eb9b7ce0b"
      url: "https://pub.dev"
    source: hosted
    version: "1.11.1"
  stream_channel:
    dependency: transitive
    description:
      name: stream_channel
      sha256: ba2aa5d8cc609d96bbb2899c28934f9e1af5cddbd60a827822ea467161eb54e7
      url: "https://pub.dev"
    source: hosted
    version: "2.1.2"
  string_scanner:
    dependency: transitive
    description:
      name: string_scanner
      sha256: "556692adab6cfa87322a115640c11f13cb77b3f076ddcc5d6ae3c20242bedcde"
      url: "https://pub.dev"
    source: hosted
    version: "1.2.0"
  synchronized:
    dependency: transitive
    description:
      name: synchronized
      sha256: "539ef412b170d65ecdafd780f924e5be3f60032a1128df156adad6c5b373d558"
      url: "https://pub.dev"
    source: hosted
    version: "3.1.0+1"
  term_glyph:
    dependency: transitive
    description:
      name: term_glyph
      sha256: a29248a84fbb7c79282b40b8c72a1209db169a2e0542bce341da992fe1bc7e84
      url: "https://pub.dev"
    source: hosted
    version: "1.2.1"
  test_api:
    dependency: transitive
    description:
      name: test_api
      sha256: "9955ae474176f7ac8ee4e989dadfb411a58c30415bcfb648fa04b2b8a03afa7f"
      url: "https://pub.dev"
    source: hosted
    version: "0.7.0"
  timer_count_down:
    dependency: "direct main"
    description:
      name: timer_count_down
      sha256: d025d408c2654e497ca0bd4bde014bd7509d4c6397af4ed23a0f9b692bbcf337
      url: "https://pub.dev"
    source: hosted
    version: "2.2.2"
  timezone:
    dependency: transitive
    description:
      name: timezone
      sha256: a6ccda4a69a442098b602c44e61a1e2b4bf6f5516e875bbf0f427d5df14745d5
      url: "https://pub.dev"
    source: hosted
    version: "0.9.3"
  typed_data:
    dependency: transitive
    description:
      name: typed_data
      sha256: facc8d6582f16042dd49f2463ff1bd6e2c9ef9f3d5da3d9b087e244a7b564b3c
      url: "https://pub.dev"
    source: hosted
    version: "1.3.2"
  url_launcher_linux:
    dependency: transitive
    description:
      name: url_launcher_linux
      sha256: ab360eb661f8879369acac07b6bb3ff09d9471155357da8443fd5d3cf7363811
      url: "https://pub.dev"
    source: hosted
    version: "3.1.1"
  url_launcher_platform_interface:
    dependency: transitive
    description:
      name: url_launcher_platform_interface
      sha256: "552f8a1e663569be95a8190206a38187b531910283c3e982193e4f2733f01029"
      url: "https://pub.dev"
    source: hosted
    version: "2.3.2"
  url_launcher_web:
    dependency: transitive
    description:
      name: url_launcher_web
      sha256: "8d9e750d8c9338601e709cd0885f95825086bd8b642547f26bda435aade95d8a"
      url: "https://pub.dev"
    source: hosted
    version: "2.3.1"
  url_launcher_windows:
    dependency: transitive
    description:
      name: url_launcher_windows
      sha256: ecf9725510600aa2bb6d7ddabe16357691b6d2805f66216a97d1b881e21beff7
      url: "https://pub.dev"
    source: hosted
    version: "3.1.1"
  uuid:
    dependency: "direct main"
    description:
      name: uuid
      sha256: "814e9e88f21a176ae1359149021870e87f7cddaf633ab678a5d2b0bff7fd1ba8"
      url: "https://pub.dev"
    source: hosted
    version: "4.4.0"
  vector_math:
    dependency: transitive
    description:
      name: vector_math
      sha256: "80b3257d1492ce4d091729e3a67a60407d227c27241d6927be0130c98e741803"
      url: "https://pub.dev"
    source: hosted
    version: "2.1.4"
  vm_service:
    dependency: transitive
    description:
      name: vm_service
      sha256: "3923c89304b715fb1eb6423f017651664a03bf5f4b29983627c4da791f74a4ec"
      url: "https://pub.dev"
    source: hosted
    version: "14.2.1"
  wakelock_plus:
    dependency: "direct main"
    description:
      name: wakelock_plus
      sha256: "14758533319a462ffb5aa3b7ddb198e59b29ac3b02da14173a1715d65d4e6e68"
      url: "https://pub.dev"
    source: hosted
    version: "1.2.5"
  wakelock_plus_platform_interface:
    dependency: transitive
    description:
      name: wakelock_plus_platform_interface
      sha256: "422d1cdbb448079a8a62a5a770b69baa489f8f7ca21aef47800c726d404f9d16"
      url: "https://pub.dev"
    source: hosted
    version: "1.2.1"
  web:
    dependency: transitive
    description:
      name: web
      sha256: "97da13628db363c635202ad97068d47c5b8aa555808e7a9411963c533b449b27"
      url: "https://pub.dev"
    source: hosted
    version: "0.5.1"
  win32:
    dependency: transitive
    description:
      name: win32
      sha256: a79dbe579cb51ecd6d30b17e0cae4e0ea15e2c0e66f69ad4198f22a6789e94f4
      url: "https://pub.dev"
    source: hosted
    version: "5.5.1"
  win32_registry:
    dependency: transitive
    description:
      name: win32_registry
      sha256: "10589e0d7f4e053f2c61023a31c9ce01146656a70b7b7f0828c0b46d7da2a9bb"
      url: "https://pub.dev"
    source: hosted
    version: "1.1.3"
  xdg_directories:
    dependency: transitive
    description:
      name: xdg_directories
      sha256: faea9dee56b520b55a566385b84f2e8de55e7496104adada9962e0bd11bcff1d
      url: "https://pub.dev"
    source: hosted
    version: "1.0.4"
  xml:
    dependency: transitive
    description:
      name: xml
      sha256: b015a8ad1c488f66851d762d3090a21c600e479dc75e68328c52774040cf9226
      url: "https://pub.dev"
    source: hosted
    version: "6.5.0"
  yaml:
    dependency: transitive
    description:
      name: yaml
      sha256: "75769501ea3489fca56601ff33454fe45507ea3bfb014161abc3b43ae25989d5"
      url: "https://pub.dev"
    source: hosted
    version: "3.1.2"
sdks:
  dart: ">=3.4.0 <4.0.0"
  flutter: ">=3.22.0"
