# Generated by pub
# See https://dart.dev/tools/pub/glossary#lockfile
packages:
  archive:
    dependency: transitive
    description:
      name: archive
      sha256: "22600aa1e926be775fa5fe7e6894e7fb3df9efda8891c73f70fb3262399a432d"
      url: "https://pub.dev"
    source: hosted
    version: "3.4.10"
  args:
    dependency: transitive
    description:
      name: args
      sha256: eef6c46b622e0494a36c5a12d10d77fb4e855501a91c1b9ef9339326e58f0596
      url: "https://pub.dev"
    source: hosted
    version: "2.4.2"
  async:
    dependency: transitive
    description:
      name: async
      sha256: "947bfcf187f74dbc5e146c9eb9c0f10c9f8b30743e341481c1e2ed3ecc18c20c"
      url: "https://pub.dev"
    source: hosted
    version: "2.11.0"
  audio_session:
    dependency: "direct main"
    description:
      name: audio_session
      sha256: "6fdf255ed3af86535c96452c33ecff1245990bb25a605bfb1958661ccc3d467f"
      url: "https://pub.dev"
    source: hosted
    version: "0.1.18"
  audioplayers:
    dependency: "direct main"
    description:
      name: audioplayers
      sha256: c05c6147124cd63e725e861335a8b4d57300b80e6e92cea7c145c739223bbaef
      url: "https://pub.dev"
    source: hosted
    version: "5.2.1"
  audioplayers_android:
    dependency: transitive
    description:
      name: audioplayers_android
      sha256: b00e1a0e11365d88576320ec2d8c192bc21f1afb6c0e5995d1c57ae63156acb5
      url: "https://pub.dev"
    source: hosted
    version: "4.0.3"
  audioplayers_darwin:
    dependency: transitive
    description:
      name: audioplayers_darwin
      sha256: "3034e99a6df8d101da0f5082dcca0a2a99db62ab1d4ddb3277bed3f6f81afe08"
      url: "https://pub.dev"
    source: hosted
    version: "5.0.2"
  audioplayers_linux:
    dependency: transitive
    description:
      name: audioplayers_linux
      sha256: "60787e73fefc4d2e0b9c02c69885402177e818e4e27ef087074cf27c02246c9e"
      url: "https://pub.dev"
    source: hosted
    version: "3.1.0"
  audioplayers_platform_interface:
    dependency: transitive
    description:
      name: audioplayers_platform_interface
      sha256: "365c547f1bb9e77d94dd1687903a668d8f7ac3409e48e6e6a3668a1ac2982adb"
      url: "https://pub.dev"
    source: hosted
    version: "6.1.0"
  audioplayers_web:
    dependency: transitive
    description:
      name: audioplayers_web
      sha256: "22cd0173e54d92bd9b2c80b1204eb1eb159ece87475ab58c9788a70ec43c2a62"
      url: "https://pub.dev"
    source: hosted
    version: "4.1.0"
  audioplayers_windows:
    dependency: transitive
    description:
      name: audioplayers_windows
      sha256: "9536812c9103563644ada2ef45ae523806b0745f7a78e89d1b5fb1951de90e1a"
      url: "https://pub.dev"
    source: hosted
    version: "3.1.0"
  auto_size_text:
    dependency: "direct main"
    description:
      name: auto_size_text
      sha256: "3f5261cd3fb5f2a9ab4e2fc3fba84fd9fcaac8821f20a1d4e71f557521b22599"
      url: "https://pub.dev"
    source: hosted
    version: "3.0.0"
  background_timer:
    dependency: "direct main"
    description:
      path: "."
      ref: cleanup
      resolved-ref: c661b5e36993df2861f4f8115f23687ae82527f7
      url: "https://github.com/a-mabe/background_timer.git"
    source: git
    version: "0.0.1"
  boolean_selector:
    dependency: transitive
    description:
      name: boolean_selector
      sha256: "6cfb5af12253eaf2b368f07bacc5a80d1301a071c73360d746b7f2e32d762c66"
      url: "https://pub.dev"
    source: hosted
    version: "2.1.1"
  characters:
    dependency: transitive
    description:
      name: characters
      sha256: "04a925763edad70e8443c99234dc3328f442e811f1d8fd1a72f1c8ad0f69a605"
      url: "https://pub.dev"
    source: hosted
    version: "1.3.0"
  checked_yaml:
    dependency: transitive
    description:
      name: checked_yaml
      sha256: feb6bed21949061731a7a75fc5d2aa727cf160b91af9a3e464c5e3a32e28b5ff
      url: "https://pub.dev"
    source: hosted
    version: "2.0.3"
  cli_util:
    dependency: transitive
    description:
      name: cli_util
      sha256: c05b7406fdabc7a49a3929d4af76bcaccbbffcbcdcf185b082e1ae07da323d19
      url: "https://pub.dev"
    source: hosted
    version: "0.4.1"
  clock:
    dependency: transitive
    description:
      name: clock
      sha256: cb6d7f03e1de671e34607e909a7213e31d7752be4fb66a86d29fe1eb14bfb5cf
      url: "https://pub.dev"
    source: hosted
    version: "1.1.1"
  collection:
    dependency: transitive
    description:
      name: collection
      sha256: ee67cb0715911d28db6bf4af1026078bd6f0128b07a5f66fb2ed94ec6783c09a
      url: "https://pub.dev"
    source: hosted
    version: "1.18.0"
  confetti:
    dependency: "direct main"
    description:
      name: confetti
      sha256: "979aafde2428c53947892c95eb244466c109c129b7eee9011f0a66caaca52267"
      url: "https://pub.dev"
    source: hosted
    version: "0.7.0"
  convert:
    dependency: transitive
    description:
      name: convert
      sha256: "0f08b14755d163f6e2134cb58222dd25ea2a2ee8a195e53983d57c075324d592"
      url: "https://pub.dev"
    source: hosted
    version: "3.1.1"
  coverage:
    dependency: "direct main"
    description:
      name: coverage
      sha256: "8acabb8306b57a409bf4c83522065672ee13179297a6bb0cb9ead73948df7c76"
      url: "https://pub.dev"
    source: hosted
    version: "1.7.2"
  crypto:
    dependency: transitive
    description:
      name: crypto
      sha256: ff625774173754681d66daaf4a448684fb04b78f902da9cb3d308c19cc5e8bab
      url: "https://pub.dev"
    source: hosted
    version: "3.0.3"
  cupertino_icons:
    dependency: "direct main"
    description:
      name: cupertino_icons
      sha256: d57953e10f9f8327ce64a508a355f0b1ec902193f66288e8cb5070e7c47eeb2d
      url: "https://pub.dev"
    source: hosted
    version: "1.0.6"
  dbus:
    dependency: transitive
    description:
      name: dbus
      sha256: "365c771ac3b0e58845f39ec6deebc76e3276aa9922b0cc60840712094d9047ac"
      url: "https://pub.dev"
    source: hosted
    version: "0.7.10"
  device_info_plus:
    dependency: transitive
    description:
      name: device_info_plus
      sha256: f52ab3b76b36ede4d135aab80194df8925b553686f0fa12226b4e2d658e45903
      url: "https://pub.dev"
    source: hosted
    version: "8.2.2"
  device_info_plus_platform_interface:
    dependency: transitive
    description:
      name: device_info_plus_platform_interface
      sha256: d3b01d5868b50ae571cd1dc6e502fc94d956b665756180f7b16ead09e836fd64
      url: "https://pub.dev"
    source: hosted
    version: "7.0.0"
  fake_async:
    dependency: transitive
    description:
      name: fake_async
      sha256: "511392330127add0b769b75a987850d136345d9227c6b94c96a04cf4a391bf78"
      url: "https://pub.dev"
    source: hosted
    version: "1.3.1"
  ffi:
    dependency: transitive
    description:
      name: ffi
      sha256: "7bf0adc28a23d395f19f3f1eb21dd7cfd1dd9f8e1c50051c069122e6853bc878"
      url: "https://pub.dev"
    source: hosted
    version: "2.1.0"
  file:
    dependency: transitive
    description:
      name: file
      sha256: "1b92bec4fc2a72f59a8e15af5f52cd441e4a7860b49499d69dfa817af20e925d"
      url: "https://pub.dev"
    source: hosted
    version: "6.1.4"
  fixnum:
    dependency: transitive
    description:
      name: fixnum
      sha256: "25517a4deb0c03aa0f32fd12db525856438902d9c16536311e76cdc57b31d7d1"
      url: "https://pub.dev"
    source: hosted
    version: "1.1.0"
  flutter:
    dependency: "direct main"
    description: flutter
    source: sdk
    version: "0.0.0"
  flutter_background_service:
    dependency: transitive
    description:
      path: "packages/flutter_background_service"
      ref: prevent-autostart-on-boot
      resolved-ref: f6b44310f2ae49102f8b360408e12a4b2f09e6cd
      url: "https://github.com/a-mabe/flutter_background_service.git"
    source: git
    version: "5.0.1"
  flutter_background_service_android:
    dependency: transitive
    description:
      path: "packages/flutter_background_service_android"
      ref: prevent-autostart-on-boot
      resolved-ref: f6b44310f2ae49102f8b360408e12a4b2f09e6cd
      url: "https://github.com/a-mabe/flutter_background_service.git"
    source: git
    version: "6.0.1"
  flutter_background_service_ios:
    dependency: transitive
    description:
      name: flutter_background_service_ios
      sha256: ab73657535876e16abc89e40f924df3e92ad3dee83f64d187081417e824709ed
      url: "https://pub.dev"
    source: hosted
    version: "5.0.0"
  flutter_background_service_platform_interface:
    dependency: transitive
    description:
      name: flutter_background_service_platform_interface
      sha256: cd5720ff5b051d551a4734fae16683aace779bd0425e8d3f15d84a0cdcc2d8d9
      url: "https://pub.dev"
    source: hosted
    version: "5.0.0"
  flutter_fgbg:
    dependency: transitive
    description:
      name: flutter_fgbg
      sha256: "08c4d2fd229e3df26083d5aecc3dea9ff4f2d188f8cd57aaf2b3f047bd08a047"
      url: "https://pub.dev"
    source: hosted
    version: "0.3.0"
  flutter_launcher_icons:
    dependency: "direct main"
    description:
      name: flutter_launcher_icons
      sha256: "526faf84284b86a4cb36d20a5e45147747b7563d921373d4ee0559c54fcdbcea"
      url: "https://pub.dev"
    source: hosted
    version: "0.13.1"
  flutter_lints:
    dependency: "direct dev"
    description:
      name: flutter_lints
      sha256: e2a421b7e59244faef694ba7b30562e489c2b489866e505074eb005cd7060db7
      url: "https://pub.dev"
    source: hosted
    version: "3.0.1"
  flutter_local_notifications:
    dependency: transitive
    description:
      name: flutter_local_notifications
      sha256: "401643a6ea9d8451365f2ec11145335bf130560cfde367bdf8f0be6d60f89479"
      url: "https://pub.dev"
    source: hosted
    version: "15.1.3"
  flutter_local_notifications_linux:
    dependency: transitive
    description:
      name: flutter_local_notifications_linux
      sha256: "33f741ef47b5f63cc7f78fe75eeeac7e19f171ff3c3df054d84c1e38bedb6a03"
      url: "https://pub.dev"
    source: hosted
    version: "4.0.0+1"
  flutter_local_notifications_platform_interface:
    dependency: transitive
    description:
      name: flutter_local_notifications_platform_interface
      sha256: "7cf643d6d5022f3baed0be777b0662cce5919c0a7b86e700299f22dc4ae660ef"
      url: "https://pub.dev"
    source: hosted
    version: "7.0.0+1"
  flutter_material_color_picker:
    dependency: "direct main"
    description:
      name: flutter_material_color_picker
      sha256: ca1e7749d228c9155ea24bce98e647cdbffa350e6f334f6c001f841cd3d9c987
      url: "https://pub.dev"
    source: hosted
    version: "1.2.0"
  flutter_test:
    dependency: "direct dev"
    description: flutter
    source: sdk
    version: "0.0.0"
  flutter_web_plugins:
    dependency: transitive
    description: flutter
    source: sdk
    version: "0.0.0"
  google_fonts:
    dependency: "direct main"
    description:
      name: google_fonts
      sha256: f0b8d115a13ecf827013ec9fc883390ccc0e87a96ed5347a3114cac177ef18e8
      url: "https://pub.dev"
    source: hosted
    version: "6.1.0"
  http:
    dependency: transitive
    description:
      name: http
      sha256: a2bbf9d017fcced29139daa8ed2bba4ece450ab222871df93ca9eec6f80c34ba
      url: "https://pub.dev"
    source: hosted
    version: "1.2.0"
  http_parser:
    dependency: transitive
    description:
      name: http_parser
      sha256: "2aa08ce0341cc9b354a498388e30986515406668dbcc4f7c950c3e715496693b"
      url: "https://pub.dev"
    source: hosted
    version: "4.0.2"
  image:
    dependency: transitive
    description:
      name: image
      sha256: "49a0d4b0c12402853d3f227fe7c315601b238d126aa4caa5dbb2dcf99421aa4a"
      url: "https://pub.dev"
    source: hosted
    version: "4.1.6"
  infinite_listview:
    dependency: transitive
    description:
      name: infinite_listview
      sha256: f6062c1720eb59be553dfa6b89813d3e8dd2f054538445aaa5edaddfa5195ce6
      url: "https://pub.dev"
    source: hosted
    version: "1.1.0"
  js:
    dependency: transitive
    description:
      name: js
      sha256: f2c445dce49627136094980615a031419f7f3eb393237e4ecd97ac15dea343f3
      url: "https://pub.dev"
    source: hosted
    version: "0.6.7"
  json_annotation:
    dependency: transitive
    description:
      name: json_annotation
      sha256: b10a7b2ff83d83c777edba3c6a0f97045ddadd56c944e1a23a3fdf43a1bf4467
      url: "https://pub.dev"
    source: hosted
    version: "4.8.1"
  just_audio:
    dependency: "direct main"
    description:
      name: just_audio
      sha256: b607cd1a43bac03d85c3aaee00448ff4a589ef2a77104e3d409889ff079bf823
      url: "https://pub.dev"
    source: hosted
    version: "0.9.36"
  just_audio_platform_interface:
    dependency: transitive
    description:
      name: just_audio_platform_interface
      sha256: c3dee0014248c97c91fe6299edb73dc4d6c6930a2f4f713579cd692d9e47f4a1
      url: "https://pub.dev"
    source: hosted
    version: "4.2.2"
  just_audio_web:
    dependency: transitive
    description:
      name: just_audio_web
      sha256: "134356b0fe3d898293102b33b5fd618831ffdc72bb7a1b726140abdf22772b70"
      url: "https://pub.dev"
    source: hosted
    version: "0.4.9"
  lints:
    dependency: transitive
    description:
      name: lints
      sha256: cbf8d4b858bb0134ef3ef87841abdf8d63bfc255c266b7bf6b39daa1085c4290
      url: "https://pub.dev"
    source: hosted
    version: "3.0.0"
  logger:
    dependency: "direct main"
    description:
      name: logger
      sha256: "6bbb9d6f7056729537a4309bda2e74e18e5d9f14302489cc1e93f33b3fe32cac"
      url: "https://pub.dev"
    source: hosted
    version: "2.0.2+1"
  logging:
    dependency: transitive
    description:
      name: logging
      sha256: "623a88c9594aa774443aa3eb2d41807a48486b5613e67599fb4c41c0ad47c340"
      url: "https://pub.dev"
    source: hosted
    version: "1.2.0"
  matcher:
    dependency: transitive
    description:
      name: matcher
      sha256: "1803e76e6653768d64ed8ff2e1e67bea3ad4b923eb5c56a295c3e634bad5960e"
      url: "https://pub.dev"
    source: hosted
    version: "0.12.16"
  material_color_utilities:
    dependency: transitive
    description:
      name: material_color_utilities
      sha256: "9528f2f296073ff54cb9fee677df673ace1218163c3bc7628093e7eed5203d41"
      url: "https://pub.dev"
    source: hosted
    version: "0.5.0"
  meta:
    dependency: transitive
    description:
      name: meta
      sha256: a6e590c838b18133bb482a2745ad77c5bb7715fb0451209e1a7567d416678b8e
      url: "https://pub.dev"
    source: hosted
    version: "1.10.0"
  numberpicker:
    dependency: "direct main"
    description:
      name: numberpicker
      sha256: "4c129154944b0f6b133e693f8749c3f8bfb67c4d07ef9dcab48b595c22d1f156"
      url: "https://pub.dev"
    source: hosted
    version: "2.1.2"
  package_config:
    dependency: transitive
    description:
      name: package_config
      sha256: "1c5b77ccc91e4823a5af61ee74e6b972db1ef98c2ff5a18d3161c982a55448bd"
      url: "https://pub.dev"
    source: hosted
    version: "2.1.0"
  path:
    dependency: "direct main"
    description:
      name: path
      sha256: "8829d8a55c13fc0e37127c29fedf290c102f4e40ae94ada574091fe0ff96c917"
      url: "https://pub.dev"
    source: hosted
    version: "1.8.3"
  path_provider:
    dependency: transitive
    description:
      name: path_provider
      sha256: b27217933eeeba8ff24845c34003b003b2b22151de3c908d0e679e8fe1aa078b
      url: "https://pub.dev"
    source: hosted
    version: "2.1.2"
  path_provider_android:
    dependency: transitive
    description:
      name: path_provider_android
      sha256: "477184d672607c0a3bf68fbbf601805f92ef79c82b64b4d6eb318cbca4c48668"
      url: "https://pub.dev"
    source: hosted
    version: "2.2.2"
  path_provider_foundation:
    dependency: transitive
    description:
      name: path_provider_foundation
      sha256: "5a7999be66e000916500be4f15a3633ebceb8302719b47b9cc49ce924125350f"
      url: "https://pub.dev"
    source: hosted
    version: "2.3.2"
  path_provider_linux:
    dependency: transitive
    description:
      name: path_provider_linux
      sha256: f7a1fe3a634fe7734c8d3f2766ad746ae2a2884abe22e241a8b301bf5cac3279
      url: "https://pub.dev"
    source: hosted
    version: "2.2.1"
  path_provider_platform_interface:
    dependency: transitive
    description:
      name: path_provider_platform_interface
      sha256: "88f5779f72ba699763fa3a3b06aa4bf6de76c8e5de842cf6f29e2e06476c2334"
      url: "https://pub.dev"
    source: hosted
    version: "2.1.2"
  path_provider_windows:
    dependency: transitive
    description:
      name: path_provider_windows
      sha256: "8bc9f22eee8690981c22aa7fc602f5c85b497a6fb2ceb35ee5a5e5ed85ad8170"
      url: "https://pub.dev"
    source: hosted
    version: "2.2.1"
  petitparser:
    dependency: transitive
    description:
      name: petitparser
      sha256: c15605cd28af66339f8eb6fbe0e541bfe2d1b72d5825efc6598f3e0a31b9ad27
      url: "https://pub.dev"
    source: hosted
    version: "6.0.2"
  platform:
    dependency: transitive
    description:
      name: platform
      sha256: "12220bb4b65720483f8fa9450b4332347737cf8213dd2840d8b2c823e47243ec"
      url: "https://pub.dev"
    source: hosted
    version: "3.1.4"
  plugin_platform_interface:
    dependency: transitive
    description:
      name: plugin_platform_interface
      sha256: "4820fbfdb9478b1ebae27888254d445073732dae3d6ea81f0b7e06d5dedc3f02"
      url: "https://pub.dev"
    source: hosted
    version: "2.1.8"
  pointycastle:
    dependency: transitive
    description:
      name: pointycastle
      sha256: "43ac87de6e10afabc85c445745a7b799e04de84cebaa4fd7bf55a5e1e9604d29"
      url: "https://pub.dev"
    source: hosted
    version: "3.7.4"
  rxdart:
    dependency: transitive
    description:
      name: rxdart
      sha256: "0c7c0cedd93788d996e33041ffecda924cc54389199cde4e6a34b440f50044cb"
      url: "https://pub.dev"
    source: hosted
    version: "0.27.7"
  shared_preferences:
    dependency: transitive
    description:
      name: shared_preferences
      sha256: "81429e4481e1ccfb51ede496e916348668fd0921627779233bd24cc3ff6abd02"
      url: "https://pub.dev"
    source: hosted
    version: "2.2.2"
  shared_preferences_android:
    dependency: transitive
    description:
      name: shared_preferences_android
      sha256: "8568a389334b6e83415b6aae55378e158fbc2314e074983362d20c562780fb06"
      url: "https://pub.dev"
    source: hosted
    version: "2.2.1"
  shared_preferences_foundation:
    dependency: transitive
    description:
      name: shared_preferences_foundation
      sha256: "7708d83064f38060c7b39db12aefe449cb8cdc031d6062280087bc4cdb988f5c"
      url: "https://pub.dev"
    source: hosted
    version: "2.3.5"
  shared_preferences_linux:
    dependency: transitive
    description:
      name: shared_preferences_linux
      sha256: "9f2cbcf46d4270ea8be39fa156d86379077c8a5228d9dfdb1164ae0bb93f1faa"
      url: "https://pub.dev"
    source: hosted
    version: "2.3.2"
  shared_preferences_platform_interface:
    dependency: transitive
    description:
      name: shared_preferences_platform_interface
      sha256: "22e2ecac9419b4246d7c22bfbbda589e3acf5c0351137d87dd2939d984d37c3b"
      url: "https://pub.dev"
    source: hosted
    version: "2.3.2"
  shared_preferences_web:
    dependency: transitive
    description:
      name: shared_preferences_web
      sha256: "7b15ffb9387ea3e237bb7a66b8a23d2147663d391cafc5c8f37b2e7b4bde5d21"
      url: "https://pub.dev"
    source: hosted
    version: "2.2.2"
  shared_preferences_windows:
    dependency: transitive
    description:
      name: shared_preferences_windows
      sha256: "841ad54f3c8381c480d0c9b508b89a34036f512482c407e6df7a9c4aa2ef8f59"
      url: "https://pub.dev"
    source: hosted
    version: "2.3.2"
  shimmer:
    dependency: "direct main"
    description:
      name: shimmer
      sha256: "5f88c883a22e9f9f299e5ba0e4f7e6054857224976a5d9f839d4ebdc94a14ac9"
      url: "https://pub.dev"
    source: hosted
    version: "3.0.0"
  sky_engine:
    dependency: transitive
    description: flutter
    source: sdk
    version: "0.0.99"
  soundpool:
    dependency: "direct main"
    description:
      name: soundpool
      sha256: fe7302005759d6a3561de1711e3ea818b1ba025a62375b469196dda5b654bd38
      url: "https://pub.dev"
    source: hosted
    version: "2.4.1"
  soundpool_macos:
    dependency: transitive
    description:
      name: soundpool_macos
      sha256: e0440a19d4e8f344dace336923b369184e91eebbbd8348266f4434b675bd15db
      url: "https://pub.dev"
    source: hosted
    version: "2.3.0"
  soundpool_platform_interface:
    dependency: transitive
    description:
      name: soundpool_platform_interface
      sha256: "7c6666e19319151b2036c4fc9b6da3a83f2ebf4097989e6ba1c2b0bfe3612e9f"
      url: "https://pub.dev"
    source: hosted
    version: "2.2.0"
  soundpool_web:
    dependency: transitive
    description:
      name: soundpool_web
      sha256: "3d1eb8d6cceb8a0aec38ff9aec4fbd11a9a8101d27b27a6eb29305b83d46aee5"
      url: "https://pub.dev"
    source: hosted
    version: "2.3.0"
  source_maps:
    dependency: transitive
    description:
      name: source_maps
      sha256: "708b3f6b97248e5781f493b765c3337db11c5d2c81c3094f10904bfa8004c703"
      url: "https://pub.dev"
    source: hosted
    version: "0.10.12"
  source_span:
    dependency: transitive
    description:
      name: source_span
      sha256: "53e943d4206a5e30df338fd4c6e7a077e02254531b138a15aec3bd143c1a8b3c"
      url: "https://pub.dev"
    source: hosted
    version: "1.10.0"
  sprintf:
    dependency: transitive
    description:
      name: sprintf
      sha256: "1fc9ffe69d4df602376b52949af107d8f5703b77cda567c4d7d86a0693120f23"
      url: "https://pub.dev"
    source: hosted
    version: "7.0.0"
  sqflite:
    dependency: "direct main"
    description:
      name: sqflite
      sha256: a9016f495c927cb90557c909ff26a6d92d9bd54fc42ba92e19d4e79d61e798c6
      url: "https://pub.dev"
    source: hosted
    version: "2.3.2"
  sqflite_common:
    dependency: transitive
    description:
      name: sqflite_common
      sha256: "28d8c66baee4968519fb8bd6cdbedad982d6e53359091f0b74544a9f32ec72d5"
      url: "https://pub.dev"
    source: hosted
    version: "2.5.3"
  sqflite_common_ffi:
    dependency: "direct main"
    description:
      name: sqflite_common_ffi
      sha256: "754927d82de369a6b9e760fb60640aa81da650f35ffd468d5a992814d6022908"
      url: "https://pub.dev"
    source: hosted
    version: "2.3.2+1"
  sqlite3:
    dependency: transitive
    description:
      name: sqlite3
      sha256: c4a4c5a4b2a32e2d0f6837b33d7c91a67903891a5b7dbe706cf4b1f6b0c798c5
      url: "https://pub.dev"
    source: hosted
    version: "2.3.0"
  stack_trace:
    dependency: transitive
    description:
      name: stack_trace
      sha256: "73713990125a6d93122541237550ee3352a2d84baad52d375a4cad2eb9b7ce0b"
      url: "https://pub.dev"
    source: hosted
    version: "1.11.1"
  stream_channel:
    dependency: transitive
    description:
      name: stream_channel
      sha256: ba2aa5d8cc609d96bbb2899c28934f9e1af5cddbd60a827822ea467161eb54e7
      url: "https://pub.dev"
    source: hosted
    version: "2.1.2"
  string_scanner:
    dependency: transitive
    description:
      name: string_scanner
      sha256: "556692adab6cfa87322a115640c11f13cb77b3f076ddcc5d6ae3c20242bedcde"
      url: "https://pub.dev"
    source: hosted
    version: "1.2.0"
  synchronized:
    dependency: transitive
    description:
      name: synchronized
      sha256: "539ef412b170d65ecdafd780f924e5be3f60032a1128df156adad6c5b373d558"
      url: "https://pub.dev"
    source: hosted
    version: "3.1.0+1"
  term_glyph:
    dependency: transitive
    description:
      name: term_glyph
      sha256: a29248a84fbb7c79282b40b8c72a1209db169a2e0542bce341da992fe1bc7e84
      url: "https://pub.dev"
    source: hosted
    version: "1.2.1"
  test_api:
    dependency: transitive
    description:
      name: test_api
      sha256: "5c2f730018264d276c20e4f1503fd1308dfbbae39ec8ee63c5236311ac06954b"
      url: "https://pub.dev"
    source: hosted
    version: "0.6.1"
  timer_count_down:
    dependency: "direct main"
    description:
      name: timer_count_down
      sha256: d025d408c2654e497ca0bd4bde014bd7509d4c6397af4ed23a0f9b692bbcf337
      url: "https://pub.dev"
    source: hosted
    version: "2.2.2"
  timezone:
    dependency: transitive
    description:
      name: timezone
      sha256: "1cfd8ddc2d1cfd836bc93e67b9be88c3adaeca6f40a00ca999104c30693cdca0"
      url: "https://pub.dev"
    source: hosted
    version: "0.9.2"
  typed_data:
    dependency: transitive
    description:
      name: typed_data
      sha256: facc8d6582f16042dd49f2463ff1bd6e2c9ef9f3d5da3d9b087e244a7b564b3c
      url: "https://pub.dev"
    source: hosted
    version: "1.3.2"
  uuid:
    dependency: "direct main"
    description:
      name: uuid
      sha256: cd210a09f7c18cbe5a02511718e0334de6559871052c90a90c0cca46a4aa81c8
      url: "https://pub.dev"
    source: hosted
    version: "4.3.3"
  vector_math:
    dependency: transitive
    description:
      name: vector_math
      sha256: "80b3257d1492ce4d091729e3a67a60407d227c27241d6927be0130c98e741803"
      url: "https://pub.dev"
    source: hosted
    version: "2.1.4"
  vm_service:
    dependency: transitive
    description:
      name: vm_service
      sha256: a2662fb1f114f4296cf3f5a50786a2d888268d7776cf681aa17d660ffa23b246
      url: "https://pub.dev"
    source: hosted
    version: "14.0.0"
  wakelock:
    dependency: "direct main"
    description:
      name: wakelock
      sha256: "769ecf42eb2d07128407b50cb93d7c10bd2ee48f0276ef0119db1d25cc2f87db"
      url: "https://pub.dev"
    source: hosted
    version: "0.6.2"
  wakelock_macos:
    dependency: transitive
    description:
      name: wakelock_macos
      sha256: "047c6be2f88cb6b76d02553bca5a3a3b95323b15d30867eca53a19a0a319d4cd"
      url: "https://pub.dev"
    source: hosted
    version: "0.4.0"
  wakelock_platform_interface:
    dependency: transitive
    description:
      name: wakelock_platform_interface
      sha256: "1f4aeb81fb592b863da83d2d0f7b8196067451e4df91046c26b54a403f9de621"
      url: "https://pub.dev"
    source: hosted
    version: "0.3.0"
  wakelock_web:
    dependency: transitive
    description:
      name: wakelock_web
      sha256: "1b256b811ee3f0834888efddfe03da8d18d0819317f20f6193e2922b41a501b5"
      url: "https://pub.dev"
    source: hosted
    version: "0.4.0"
  wakelock_windows:
    dependency: transitive
    description:
      name: wakelock_windows
      sha256: "857f77b3fe6ae82dd045455baa626bc4b93cb9bb6c86bf3f27c182167c3a5567"
      url: "https://pub.dev"
    source: hosted
    version: "0.2.1"
  web:
    dependency: transitive
    description:
      name: web
      sha256: afe077240a270dcfd2aafe77602b4113645af95d0ad31128cc02bce5ac5d5152
      url: "https://pub.dev"
    source: hosted
    version: "0.3.0"
  win32:
    dependency: transitive
    description:
      name: win32
      sha256: a6f0236dbda0f63aa9a25ad1ff9a9d8a4eaaa5012da0dc59d21afdb1dc361ca4
      url: "https://pub.dev"
    source: hosted
    version: "3.1.4"
  xdg_directories:
    dependency: transitive
    description:
      name: xdg_directories
      sha256: faea9dee56b520b55a566385b84f2e8de55e7496104adada9962e0bd11bcff1d
      url: "https://pub.dev"
    source: hosted
    version: "1.0.4"
  xml:
    dependency: transitive
    description:
      name: xml
      sha256: b015a8ad1c488f66851d762d3090a21c600e479dc75e68328c52774040cf9226
      url: "https://pub.dev"
    source: hosted
    version: "6.5.0"
  yaml:
    dependency: transitive
    description:
      name: yaml
      sha256: "75769501ea3489fca56601ff33454fe45507ea3bfb014161abc3b43ae25989d5"
      url: "https://pub.dev"
    source: hosted
    version: "3.1.2"
sdks:
  dart: ">=3.2.0 <4.0.0"
  flutter: ">=3.16.0"
